
Microsoft Visual Studio Solution File, Format Version 12.00
Project("{FAE04EC0-301F-11D3-BF4B-00C04F79EFBC}") = "ClinicRestAPI", "ClinicRestAPI\ClinicRestAPI.csproj", "{B6683DC9-DDD5-45BC-8096-E4EB7FC45752}"
EndProject
Global
	GlobalSection(SolutionConfigurationPlatforms) = preSolution
		Debug|Any CPU = Debug|Any CPU
		Release|Any CPU = Release|Any CPU
	EndGlobalSection
	GlobalSection(ProjectConfigurationPlatforms) = postSolution
		{B6683DC9-DDD5-45BC-8096-E4EB7FC45752}.Debug|Any CPU.ActiveCfg = Debug|Any CPU
		{B6683DC9-DDD5-45BC-8096-E4EB7FC45752}.Debug|Any CPU.Build.0 = Debug|Any CPU
		{B6683DC9-DDD5-45BC-8096-E4EB7FC45752}.Release|Any CPU.ActiveCfg = Release|Any CPU
		{B6683DC9-DDD5-45BC-8096-E4EB7FC45752}.Release|Any CPU.Build.0 = Release|Any CPU
	EndGlobalSection
EndGlobal
